// !$*UTF8*$!
{
	archiveVersion = 1;
	classes = {
	};
	objectVersion = 46;
	objects = {

/* Begin PBXBuildFile section */
		6A41154F1EF850CA00D8C8EA /* main.m in Sources */ = {isa = PBXBuildFile; fileRef = 6A41154E1EF850CA00D8C8EA /* main.m */; };
		6A4115521EF850CA00D8C8EA /* AppDelegate.m in Sources */ = {isa = PBXBuildFile; fileRef = 6A4115511EF850CA00D8C8EA /* AppDelegate.m */; };
		6A4115551EF850CA00D8C8EA /* ViewController.m in Sources */ = {isa = PBXBuildFile; fileRef = 6A4115541EF850CA00D8C8EA /* ViewController.m */; };
		6A4115581EF850CA00D8C8EA /* Main.storyboard in Resources */ = {isa = PBXBuildFile; fileRef = 6A4115561EF850CA00D8C8EA /* Main.storyboard */; };
		6A41155A1EF850CA00D8C8EA /* Assets.xcassets in Resources */ = {isa = PBXBuildFile; fileRef = 6A4115591EF850CA00D8C8EA /* Assets.xcassets */; };
		6A41155D1EF850CA00D8C8EA /* LaunchScreen.storyboard in Resources */ = {isa = PBXBuildFile; fileRef = 6A41155B1EF850CA00D8C8EA /* LaunchScreen.storyboard */; };
/* End PBXBuildFile section */

/* Begin PBXFileReference section */
		6A41154A1EF850CA00D8C8EA /* iPhoneImages.app */ = {isa = PBXFileReference; explicitFileType = wrapper.application; includeInIndex = 0; path = iPhoneImages.app; sourceTree = BUILT_PRODUCTS_DIR; };
		6A41154E1EF850CA00D8C8EA /* main.m */ = {isa = PBXFileReference; lastKnownFileType = sourcecode.c.objc; path = main.m; sourceTree = "<group>"; };
		6A4115501EF850CA00D8C8EA /* AppDelegate.h */ = {isa = PBXFileReference; lastKnownFileType = sourcecode.c.h; path = AppDelegate.h; sourceTree = "<group>"; };
		6A4115511EF850CA00D8C8EA /* AppDelegate.m */ = {isa = PBXFileReference; lastKnownFileType = sourcecode.c.objc; path = AppDelegate.m; sourceTree = "<group>"; };
		6A4115531EF850CA00D8C8EA /* ViewController.h */ = {isa = PBXFileReference; lastKnownFileType = sourcecode.c.h; path = ViewController.h; sourceTree = "<group>"; };
		6A4115541EF850CA00D8C8EA /* ViewController.m */ = {isa = PBXFileReference; lastKnownFileType = sourcecode.c.objc; path = ViewController.m; sourceTree = "<group>"; };
		6A4115571EF850CA00D8C8EA /* Base */ = {isa = PBXFileReference; lastKnownFileType = file.storyboard; name = Base; path = Base.lproj/Main.storyboard; sourceTree = "<group>"; };
		6A4115591EF850CA00D8C8EA /* Assets.xcassets */ = {isa = PBXFileReference; lastKnownFileType = folder.assetcatalog; path = Assets.xcassets; sourceTree = "<group>"; };
		6A41155C1EF850CA00D8C8EA /* Base */ = {isa = PBXFileReference; lastKnownFileType = file.storyboard; name = Base; path = Base.lproj/LaunchScreen.storyboard; sourceTree = "<group>"; };
		6A41155E1EF850CA00D8C8EA /* Info.plist */ = {isa = PBXFileReference; lastKnownFileType = text.plist.xml; path = Info.plist; sourceTree = "<group>"; };
/* End PBXFileReference section */

/* Begin PBXFrameworksBuildPhase section */
		6A4115471EF850CA00D8C8EA /* Frameworks */ = {
			isa = PBXFrameworksBuildPhase;
			buildActionMask = 2147483647;
			files = (
			);
			runOnlyForDeploymentPostprocessing = 0;
		};
/* End PBXFrameworksBuildPhase section */

/* Begin PBXGroup section */
		6A4115411EF850CA00D8C8EA = {
			isa = PBXGroup;
			children = (
				6A41154C1EF850CA00D8C8EA /* iPhoneImages */,
				6A41154B1EF850CA00D8C8EA /* Products */,
			);
			sourceTree = "<group>";
		};
		6A41154B1EF850CA00D8C8EA /* Products */ = {
			isa = PBXGroup;
			children = (
				6A41154A1EF850CA00D8C8EA /* iPhoneImages.app */,
			);
			name = Products;
			sourceTree = "<group>";
		};
		6A41154C1EF850CA00D8C8EA /* iPhoneImages */ = {
			isa = PBXGroup;
			children = (
				6A4115501EF850CA00D8C8EA /* AppDelegate.h */,
				6A4115511EF850CA00D8C8EA /* AppDelegate.m */,
				6A4115531EF850CA00D8C8EA /* ViewController.h */,
				6A4115541EF850CA00D8C8EA /* ViewController.m */,
				6A4115561EF850CA00D8C8EA /* Main.storyboard */,
				6A4115591EF850CA00D8C8EA /* Assets.xcassets */,
				6A41155B1EF850CA00D8C8EA /* LaunchScreen.storyboard */,
				6A41155E1EF850CA00D8C8EA /* Info.plist */,
				6A41154D1EF850CA00D8C8EA /* Supporting Files */,
			);
			path = iPhoneImages;
			sourceTree = "<group>";
		};
		6A41154D1EF850CA00D8C8EA /* Supporting Files */ = {
			isa = PBXGroup;
			children = (
				6A41154E1EF850CA00D8C8EA /* main.m */,
			);
			name = "Supporting Files";
			sourceTree = "<group>";
		};
/* End PBXGroup section */

/* Begin PBXNativeTarget section */
		6A4115491EF850CA00D8C8EA /* iPhoneImages */ = {
			isa = PBXNativeTarget;
			buildConfigurationList = 6A4115611EF850CA00D8C8EA /* Build configuration list for PBXNativeTarget "iPhoneImages" */;
			buildPhases = (
				6A4115461EF850CA00D8C8EA /* Sources */,
				6A4115471EF850CA00D8C8EA /* Frameworks */,
				6A4115481EF850CA00D8C8EA /* Resources */,
			);
			buildRules = (
			);
			dependencies = (
			);
			name = iPhoneImages;
			productName = iPhoneImages;
			productReference = 6A41154A1EF850CA00D8C8EA /* iPhoneImages.app */;
			productType = "com.apple.product-type.application";
		};
/* End PBXNativeTarget section */

/* Begin PBXProject section */
		6A4115421EF850CA00D8C8EA /* Project object */ = {
			isa = PBXProject;
			attributes = {
				LastUpgradeCheck = 0830;
				ORGANIZATIONNAME = "Elle Ti";
				TargetAttributes = {
					6A4115491EF850CA00D8C8EA = {
						CreatedOnToolsVersion = 8.3.3;
						ProvisioningStyle = Automatic;
					};
				};
			};
			buildConfigurationList = 6A4115451EF850CA00D8C8EA /* Build configuration list for PBXProject "iPhoneImages" */;
			compatibilityVersion = "Xcode 3.2";
			developmentRegion = English;
			hasScannedForEncodings = 0;
			knownRegions = (
				en,
				Base,
			);
			mainGroup = 6A4115411EF850CA00D8C8EA;
			productRefGroup = 6A41154B1EF850CA00D8C8EA /* Products */;
			projectDirPath = "";
			projectRoot = "";
			targets = (
				6A4115491EF850CA00D8C8EA /* iPhoneImages */,
			);
		};
/* End PBXProject section */

/* Begin PBXResourcesBuildPhase section */
		6A4115481EF850CA00D8C8EA /* Resources */ = {
			isa = PBXResourcesBuildPhase;
			buildActionMask = 2147483647;
			files = (
				6A41155D1EF850CA00D8C8EA /* LaunchScreen.storyboard in Resources */,
				6A41155A1EF850CA00D8C8EA /* Assets.xcassets in Resources */,
				6A4115581EF850CA00D8C8EA /* Main.storyboard in Resources */,
			);
			runOnlyForDeploymentPostprocessing = 0;
		};
/* End PBXResourcesBuildPhase section */

/* Begin PBXSourcesBuildPhase section */
		6A4115461EF850CA00D8C8EA /* Sources */ = {
			isa = PBXSourcesBuildPhase;
			buildActionMask = 2147483647;
			files = (
				6A4115551EF850CA00D8C8EA /* ViewController.m in Sources */,
				6A4115521EF850CA00D8C8EA /* AppDelegate.m in Sources */,
				6A41154F1EF850CA00D8C8EA /* main.m in Sources */,
			);
			runOnlyForDeploymentPostprocessing = 0;
		};
/* End PBXSourcesBuildPhase section */

/* Begin PBXVariantGroup section */
		6A4115561EF850CA00D8C8EA /* Main.storyboard */ = {
			isa = PBXVariantGroup;
			children = (
				6A4115571EF850CA00D8C8EA /* Base */,
			);
			name = Main.storyboard;
			sourceTree = "<group>";
		};
		6A41155B1EF850CA00D8C8EA /* LaunchScreen.storyboard */ = {
			isa = PBXVariantGroup;
			children = (
				6A41155C1EF850CA00D8C8EA /* Base */,
			);
			name = LaunchScreen.storyboard;
			sourceTree = "<group>";
		};
/* End PBXVariantGroup section */

/* Begin XCBuildConfiguration section */
		6A41155F1EF850CA00D8C8EA /* Debug */ = {
			isa = XCBuildConfiguration;
			buildSettings = {
				ALWAYS_SEARCH_USER_PATHS = NO;
				CLANG_ANALYZER_NONNULL = YES;
				CLANG_ANALYZER_NUMBER_OBJECT_CONVERSION = YES_AGGRESSIVE;
				CLANG_CXX_LANGUAGE_STANDARD = "gnu++0x";
				CLANG_CXX_LIBRARY = "libc++";
				CLANG_ENABLE_MODULES = YES;
				CLANG_ENABLE_OBJC_ARC = YES;
				CLANG_WARN_BOOL_CONVERSION = YES;
				CLANG_WARN_CONSTANT_CONVERSION = YES;
				CLANG_WARN_DIRECT_OBJC_ISA_USAGE = YES_ERROR;
				CLANG_WARN_DOCUMENTATION_COMMENTS = YES;
				CLANG_WARN_EMPTY_BODY = YES;
				CLANG_WARN_ENUM_CONVERSION = YES;
				CLANG_WARN_INFINITE_RECURSION = YES;
				CLANG_WARN_INT_CONVERSION = YES;
				CLANG_WARN_OBJC_ROOT_CLASS = YES_ERROR;
				CLANG_WARN_SUSPICIOUS_MOVE = YES;
				CLANG_WARN_UNREACHABLE_CODE = YES;
				CLANG_WARN__DUPLICATE_METHOD_MATCH = YES;
				"CODE_SIGN_IDENTITY[sdk=iphoneos*]" = "iPhone Developer";
				COPY_PHASE_STRIP = NO;
				DEBUG_INFORMATION_FORMAT = dwarf;
				ENABLE_STRICT_OBJC_MSGSEND = YES;
				ENABLE_TESTABILITY = YES;
				GCC_C_LANGUAGE_STANDARD = gnu99;
				GCC_DYNAMIC_NO_PIC = NO;
				GCC_NO_COMMON_BLOCKS = YES;
				GCC_OPTIMIZATION_LEVEL = 0;
				GCC_PREPROCESSOR_DEFINITIONS = (
					"DEBUG=1",
					"$(inherited)",
				);
				GCC_WARN_64_TO_32_BIT_CONVERSION = YES;
				GCC_WARN_ABOUT_RETURN_TYPE = YES_ERROR;
				GCC_WARN_UNDECLARED_SELECTOR = YES;
				GCC_WARN_UNINITIALIZED_AUTOS = YES_AGGRESSIVE;
				GCC_WARN_UNUSED_FUNCTION = YES;
				GCC_WARN_UNUSED_VARIABLE = YES;
				IPHONEOS_DEPLOYMENT_TARGET = 10.3;
				MTL_ENABLE_DEBUG_INFO = YES;
				ONLY_ACTIVE_ARCH = YES;
				SDKROOT = iphoneos;
			};
			name = Debug;
		};
		6A4115601EF850CA00D8C8EA /* Release */ = {
			isa = XCBuildConfiguration;
			buildSettings = {
				ALWAYS_SEARCH_USER_PATHS = NO;
				CLANG_ANALYZER_NONNULL = YES;
				CLANG_ANALYZER_NUMBER_OBJECT_CONVERSION = YES_AGGRESSIVE;
				CLANG_CXX_LANGUAGE_STANDARD = "gnu++0x";
				CLANG_CXX_LIBRARY = "libc++";
				CLANG_ENABLE_MODULES = YES;
				CLANG_ENABLE_OBJC_ARC = YES;
				CLANG_WARN_BOOL_CONVERSION = YES;
				CLANG_WARN_CONSTANT_CONVERSION = YES;
				CLANG_WARN_DIRECT_OBJC_ISA_USAGE = YES_ERROR;
				CLANG_WARN_DOCUMENTATION_COMMENTS = YES;
				CLANG_WARN_EMPTY_BODY = YES;
				CLANG_WARN_ENUM_CONVERSION = YES;
				CLANG_WARN_INFINITE_RECURSION = YES;
				CLANG_WARN_INT_CONVERSION = YES;
				CLANG_WARN_OBJC_ROOT_CLASS = YES_ERROR;
				CLANG_WARN_SUSPICIOUS_MOVE = YES;
				CLANG_WARN_UNREACHABLE_CODE = YES;
				CLANG_WARN__DUPLICATE_METHOD_MATCH = YES;
				"CODE_SIGN_IDENTITY[sdk=iphoneos*]" = "iPhone Developer";
				COPY_PHASE_STRIP = NO;
				DEBUG_INFORMATION_FORMAT = "dwarf-with-dsym";
				ENABLE_NS_ASSERTIONS = NO;
				ENABLE_STRICT_OBJC_MSGSEND = YES;
				GCC_C_LANGUAGE_STANDARD = gnu99;
				GCC_NO_COMMON_BLOCKS = YES;
				GCC_WARN_64_TO_32_BIT_CONVERSION = YES;
				GCC_WARN_ABOUT_RETURN_TYPE = YES_ERROR;
				GCC_WARN_UNDECLARED_SELECTOR = YES;
				GCC_WARN_UNINITIALIZED_AUTOS = YES_AGGRESSIVE;
				GCC_WARN_UNUSED_FUNCTION = YES;
				GCC_WARN_UNUSED_VARIABLE = YES;
				IPHONEOS_DEPLOYMENT_TARGET = 10.3;
				MTL_ENABLE_DEBUG_INFO = NO;
				SDKROOT = iphoneos;
				VALIDATE_PRODUCT = YES;
			};
			name = Release;
		};
		6A4115621EF850CA00D8C8EA /* Debug */ = {
			isa = XCBuildConfiguration;
			buildSettings = {
				ASSETCATALOG_COMPILER_APPICON_NAME = AppIcon;
				INFOPLIST_FILE = iPhoneImages/Info.plist;
				LD_RUNPATH_SEARCH_PATHS = "$(inherited) @executable_path/Frameworks";
				PRODUCT_BUNDLE_IDENTIFIER = frostnova.org.iPhoneImages;
				PRODUCT_NAME = "$(TARGET_NAME)";
			};
			name = Debug;
		};
		6A4115631EF850CA00D8C8EA /* Release */ = {
			isa = XCBuildConfiguration;
			buildSettings = {
				ASSETCATALOG_COMPILER_APPICON_NAME = AppIcon;
				INFOPLIST_FILE = iPhoneImages/Info.plist;
				LD_RUNPATH_SEARCH_PATHS = "$(inherited) @executable_path/Frameworks";
				PRODUCT_BUNDLE_IDENTIFIER = frostnova.org.iPhoneImages;
				PRODUCT_NAME = "$(TARGET_NAME)";
			};
			name = Release;
		};
/* End XCBuildConfiguration section */

/* Begin XCConfigurationList section */
		6A4115451EF850CA00D8C8EA /* Build configuration list for PBXProject "iPhoneImages" */ = {
			isa = XCConfigurationList;
			buildConfigurations = (
				6A41155F1EF850CA00D8C8EA /* Debug */,
				6A4115601EF850CA00D8C8EA /* Release */,
			);
			defaultConfigurationIsVisible = 0;
			defaultConfigurationName = Release;
		};
		6A4115611EF850CA00D8C8EA /* Build configuration list for PBXNativeTarget "iPhoneImages" */ = {
			isa = XCConfigurationList;
			buildConfigurations = (
				6A4115621EF850CA00D8C8EA /* Debug */,
				6A4115631EF850CA00D8C8EA /* Release */,
			);
			defaultConfigurationIsVisible = 0;
		};
/* End XCConfigurationList section */
	};
	rootObject = 6A4115421EF850CA00D8C8EA /* Project object */;
}
